
Microsoft Visual Studio Solution File, Format Version 12.00
# Visual Studio Version 17
VisualStudioVersion = 17.9.34622.214
MinimumVisualStudioVersion = 10.0.40219.1
Project("{8BC9CEB8-8B4A-11D0-8D11-00A0C91BC942}") = "tas256X_win", "tas256X_win\tas256X_win.vcxproj", "{011B73B2-15AE-40A9-B83F-3E77ADA59E29}"
EndProject
Project("{8BC9CEB8-8B4A-11D0-8D11-00A0C91BC942}") = "AudFilter", "AudFilter\AudFilter.vcxproj", "{C6E0BF0E-F8DA-4CEF-860C-B1CC209BD7A1}"
EndProject
Global
	GlobalSection(SolutionConfigurationPlatforms) = preSolution
		Debug|ARM64 = Debug|ARM64
		Debug|x64 = Debug|x64
		Release|ARM64 = Release|ARM64
		Release|x64 = Release|x64
	EndGlobalSection
	GlobalSection(ProjectConfigurationPlatforms) = postSolution
		{011B73B2-15AE-40A9-B83F-3E77ADA59E29}.Debug|ARM64.ActiveCfg = Debug|ARM64
		{011B73B2-15AE-40A9-B83F-3E77ADA59E29}.Debug|ARM64.Build.0 = Debug|ARM64
		{011B73B2-15AE-40A9-B83F-3E77ADA59E29}.Debug|ARM64.Deploy.0 = Debug|ARM64
		{011B73B2-15AE-40A9-B83F-3E77ADA59E29}.Debug|x64.ActiveCfg = Debug|x64
		{011B73B2-15AE-40A9-B83F-3E77ADA59E29}.Debug|x64.Build.0 = Debug|x64
		{011B73B2-15AE-40A9-B83F-3E77ADA59E29}.Debug|x64.Deploy.0 = Debug|x64
		{011B73B2-15AE-40A9-B83F-3E77ADA59E29}.Release|ARM64.ActiveCfg = Release|ARM64
		{011B73B2-15AE-40A9-B83F-3E77ADA59E29}.Release|ARM64.Build.0 = Release|ARM64
		{011B73B2-15AE-40A9-B83F-3E77ADA59E29}.Release|ARM64.Deploy.0 = Release|ARM64
		{011B73B2-15AE-40A9-B83F-3E77ADA59E29}.Release|x64.ActiveCfg = Release|x64
		{011B73B2-15AE-40A9-B83F-3E77ADA59E29}.Release|x64.Build.0 = Release|x64
		{011B73B2-15AE-40A9-B83F-3E77ADA59E29}.Release|x64.Deploy.0 = Release|x64
		{C6E0BF0E-F8DA-4CEF-860C-B1CC209BD7A1}.Debug|ARM64.ActiveCfg = Debug|ARM64
		{C6E0BF0E-F8DA-4CEF-860C-B1CC209BD7A1}.Debug|ARM64.Build.0 = Debug|ARM64
		{C6E0BF0E-F8DA-4CEF-860C-B1CC209BD7A1}.Debug|ARM64.Deploy.0 = Debug|ARM64
		{C6E0BF0E-F8DA-4CEF-860C-B1CC209BD7A1}.Debug|x64.ActiveCfg = Debug|x64
		{C6E0BF0E-F8DA-4CEF-860C-B1CC209BD7A1}.Debug|x64.Build.0 = Debug|x64
		{C6E0BF0E-F8DA-4CEF-860C-B1CC209BD7A1}.Debug|x64.Deploy.0 = Debug|x64
		{C6E0BF0E-F8DA-4CEF-860C-B1CC209BD7A1}.Release|ARM64.ActiveCfg = Release|ARM64
		{C6E0BF0E-F8DA-4CEF-860C-B1CC209BD7A1}.Release|ARM64.Build.0 = Release|ARM64
		{C6E0BF0E-F8DA-4CEF-860C-B1CC209BD7A1}.Release|ARM64.Deploy.0 = Release|ARM64
		{C6E0BF0E-F8DA-4CEF-860C-B1CC209BD7A1}.Release|x64.ActiveCfg = Release|x64
		{C6E0BF0E-F8DA-4CEF-860C-B1CC209BD7A1}.Release|x64.Build.0 = Release|x64
		{C6E0BF0E-F8DA-4CEF-860C-B1CC209BD7A1}.Release|x64.Deploy.0 = Release|x64
	EndGlobalSection
	GlobalSection(SolutionProperties) = preSolution
		HideSolutionNode = FALSE
	EndGlobalSection
	GlobalSection(ExtensibilityGlobals) = postSolution
		SolutionGuid = {983D0817-F7ED-4AC0-AC77-508E408C4416}
	EndGlobalSection
EndGlobal
